
Microsoft Visual Studio Solution File, Format Version 12.00
# Visual Studio Version 16
VisualStudioVersion = 16.0.29215.179
MinimumVisualStudioVersion = 10.0.40219.1
Project("{FAE04EC0-301F-11D3-BF4B-00C04F79EFBC}") = "Lecture2", "Lecture2\Lecture2.csproj", "{E967A64F-212C-4ADF-8A68-BE6F1D9D7D4F}"
EndProject
Global
	GlobalSection(SolutionConfigurationPlatforms) = preSolution
		Debug|Any CPU = Debug|Any CPU
		Release|Any CPU = Release|Any CPU
	EndGlobalSection
	GlobalSection(ProjectConfigurationPlatforms) = postSolution
		{E967A64F-212C-4ADF-8A68-BE6F1D9D7D4F}.Debug|Any CPU.ActiveCfg = Debug|Any CPU
		{E967A64F-212C-4ADF-8A68-BE6F1D9D7D4F}.Debug|Any CPU.Build.0 = Debug|Any CPU
		{E967A64F-212C-4ADF-8A68-BE6F1D9D7D4F}.Release|Any CPU.ActiveCfg = Release|Any CPU
		{E967A64F-212C-4ADF-8A68-BE6F1D9D7D4F}.Release|Any CPU.Build.0 = Release|Any CPU
	EndGlobalSection
	GlobalSection(SolutionProperties) = preSolution
		HideSolutionNode = FALSE
	EndGlobalSection
	GlobalSection(ExtensibilityGlobals) = postSolution
		SolutionGuid = {0F6087DC-952D-4001-97FC-F863A360CAC3}
	EndGlobalSection
EndGlobal
